PODS:
  - Flutter (1.0.0)
  - integration_test (0.0.1):
    - Flutter
  - x_path_provider (0.0.1):
    - Flutter

DEPENDENCIES:
  - Flutter (from `Flutter`)
  - integration_test (from `.symlinks/plugins/integration_test/ios`)
  - x_path_provider (from `.symlinks/plugins/x_path_provider/ios`)

EXTERNAL SOURCES:
  Flutter:
    :path: Flutter
  integration_test:
    :path: ".symlinks/plugins/integration_test/ios"
  x_path_provider:
    :path: ".symlinks/plugins/x_path_provider/ios"

SPEC CHECKSUMS:
  Flutter: f04841e97a9d0b0a8025694d0796dd46242b2854
  integration_test: 13825b8a9334a850581300559b8839134b124670
  x_path_provider: 5cc8f0e7a091b4c3d9e8d8354cc643229f572247

PODFILE CHECKSUM: 7be2f5f74864d463a8ad433546ed1de7e0f29aef

COCOAPODS: 1.15.0
